
Microsoft Visual Studio Solution File, Format Version 12.00
# Visual Studio Version 16
VisualStudioVersion = 16.0.30114.105
MinimumVisualStudioVersion = 10.0.40219.1
Project("{2150E333-8FDC-42A3-9474-1A3956D46DE8}") = "tests", "tests", "{DDF19D10-5634-11EC-ABC6-AB24A3AAC427}"
EndProject
Project("{FAE04EC0-301F-11D3-BF4B-00C04F79EFBC}") = "Application.IntegrationTest", "..\test\Application.IntegrationTest\Application.IntegrationTest.csproj", "{B9585C6E-D946-4406-9BAD-EDE70D6F8CE5}"
EndProject
Project("{FAE04EC0-301F-11D3-BF4B-00C04F79EFBC}") = "Domain.UnitTest", "..\test\Domain.UnitTest\Domain.UnitTest.csproj", "{250FEF90-BA18-4339-AEB2-45D28320EB2A}"
EndProject
Project("{2150E333-8FDC-42A3-9474-1A3956D46DE8}") = "src", "src", "{020D8670-1412-48DB-8EFC-E69390EC9A92}"
EndProject
Project("{2150E333-8FDC-42A3-9474-1A3956D46DE8}") = "Core", "Core", "{88A2DF4D-739F-4D74-805F-5C8DEBC49779}"
EndProject
Project("{2150E333-8FDC-42A3-9474-1A3956D46DE8}") = "Presentation", "Presentation", "{34BBB0C1-5225-471E-AB86-965B50D8FD81}"
EndProject
Project("{FAE04EC0-301F-11D3-BF4B-00C04F79EFBC}") = "Domain", "Domain\Domain.csproj", "{DBA960E1-2FED-43D7-ABA3-1B064FB339E7}"
EndProject
Project("{FAE04EC0-301F-11D3-BF4B-00C04F79EFBC}") = "SharedKernel", "SharedKernel\SharedKernel.csproj", "{B2350607-D6D8-4500-9629-366701A5B917}"
EndProject
Project("{FAE04EC0-301F-11D3-BF4B-00C04F79EFBC}") = "WebApi", "WebApi\WebApi.csproj", "{43A63491-9627-4ED8-9173-B26E5DFFDA03}"
EndProject
Project("{FAE04EC0-301F-11D3-BF4B-00C04F79EFBC}") = "Application", "Application\Application.csproj", "{3414394F-7AD4-4C11-9088-A7424E48F609}"
EndProject
Project("{FAE04EC0-301F-11D3-BF4B-00C04F79EFBC}") = "Infrastructure", "Infrastructure\Infrastructure.csproj", "{51A15628-096E-4754-B898-9EA625708788}"
EndProject
Project("{FAE04EC0-301F-11D3-BF4B-00C04F79EFBC}") = "SharedKernal.UnitTest", "SharedKernal.UnitTest\SharedKernal.UnitTest.csproj", "{4A622E23-93AA-4A52-821A-30FD9914161E}"
EndProject
Global
	GlobalSection(SolutionConfigurationPlatforms) = preSolution
		Debug|Any CPU = Debug|Any CPU
		Release|Any CPU = Release|Any CPU
	EndGlobalSection
	GlobalSection(SolutionProperties) = preSolution
		HideSolutionNode = FALSE
	EndGlobalSection
	GlobalSection(ProjectConfigurationPlatforms) = postSolution
		{B9585C6E-D946-4406-9BAD-EDE70D6F8CE5}.Debug|Any CPU.ActiveCfg = Debug|Any CPU
		{B9585C6E-D946-4406-9BAD-EDE70D6F8CE5}.Debug|Any CPU.Build.0 = Debug|Any CPU
		{B9585C6E-D946-4406-9BAD-EDE70D6F8CE5}.Release|Any CPU.ActiveCfg = Release|Any CPU
		{B9585C6E-D946-4406-9BAD-EDE70D6F8CE5}.Release|Any CPU.Build.0 = Release|Any CPU
		{250FEF90-BA18-4339-AEB2-45D28320EB2A}.Debug|Any CPU.ActiveCfg = Debug|Any CPU
		{250FEF90-BA18-4339-AEB2-45D28320EB2A}.Debug|Any CPU.Build.0 = Debug|Any CPU
		{250FEF90-BA18-4339-AEB2-45D28320EB2A}.Release|Any CPU.ActiveCfg = Release|Any CPU
		{250FEF90-BA18-4339-AEB2-45D28320EB2A}.Release|Any CPU.Build.0 = Release|Any CPU
		{DBA960E1-2FED-43D7-ABA3-1B064FB339E7}.Debug|Any CPU.ActiveCfg = Debug|Any CPU
		{DBA960E1-2FED-43D7-ABA3-1B064FB339E7}.Debug|Any CPU.Build.0 = Debug|Any CPU
		{DBA960E1-2FED-43D7-ABA3-1B064FB339E7}.Release|Any CPU.ActiveCfg = Release|Any CPU
		{DBA960E1-2FED-43D7-ABA3-1B064FB339E7}.Release|Any CPU.Build.0 = Release|Any CPU
		{B2350607-D6D8-4500-9629-366701A5B917}.Debug|Any CPU.ActiveCfg = Debug|Any CPU
		{B2350607-D6D8-4500-9629-366701A5B917}.Debug|Any CPU.Build.0 = Debug|Any CPU
		{B2350607-D6D8-4500-9629-366701A5B917}.Release|Any CPU.ActiveCfg = Release|Any CPU
		{B2350607-D6D8-4500-9629-366701A5B917}.Release|Any CPU.Build.0 = Release|Any CPU
		{43A63491-9627-4ED8-9173-B26E5DFFDA03}.Debug|Any CPU.ActiveCfg = Debug|Any CPU
		{43A63491-9627-4ED8-9173-B26E5DFFDA03}.Debug|Any CPU.Build.0 = Debug|Any CPU
		{43A63491-9627-4ED8-9173-B26E5DFFDA03}.Release|Any CPU.ActiveCfg = Release|Any CPU
		{43A63491-9627-4ED8-9173-B26E5DFFDA03}.Release|Any CPU.Build.0 = Release|Any CPU
		{3414394F-7AD4-4C11-9088-A7424E48F609}.Debug|Any CPU.ActiveCfg = Debug|Any CPU
		{3414394F-7AD4-4C11-9088-A7424E48F609}.Debug|Any CPU.Build.0 = Debug|Any CPU
		{3414394F-7AD4-4C11-9088-A7424E48F609}.Release|Any CPU.ActiveCfg = Release|Any CPU
		{3414394F-7AD4-4C11-9088-A7424E48F609}.Release|Any CPU.Build.0 = Release|Any CPU
		{51A15628-096E-4754-B898-9EA625708788}.Debug|Any CPU.ActiveCfg = Debug|Any CPU
		{51A15628-096E-4754-B898-9EA625708788}.Debug|Any CPU.Build.0 = Debug|Any CPU
		{51A15628-096E-4754-B898-9EA625708788}.Release|Any CPU.ActiveCfg = Release|Any CPU
		{51A15628-096E-4754-B898-9EA625708788}.Release|Any CPU.Build.0 = Release|Any CPU
		{4A622E23-93AA-4A52-821A-30FD9914161E}.Debug|Any CPU.ActiveCfg = Debug|Any CPU
		{4A622E23-93AA-4A52-821A-30FD9914161E}.Debug|Any CPU.Build.0 = Debug|Any CPU
		{4A622E23-93AA-4A52-821A-30FD9914161E}.Release|Any CPU.ActiveCfg = Release|Any CPU
		{4A622E23-93AA-4A52-821A-30FD9914161E}.Release|Any CPU.Build.0 = Release|Any CPU
	EndGlobalSection
	GlobalSection(NestedProjects) = preSolution
		{250FEF90-BA18-4339-AEB2-45D28320EB2A} = {DDF19D10-5634-11EC-ABC6-AB24A3AAC427}
		{B9585C6E-D946-4406-9BAD-EDE70D6F8CE5} = {DDF19D10-5634-11EC-ABC6-AB24A3AAC427}
		{88A2DF4D-739F-4D74-805F-5C8DEBC49779} = {020D8670-1412-48DB-8EFC-E69390EC9A92}
		{34BBB0C1-5225-471E-AB86-965B50D8FD81} = {020D8670-1412-48DB-8EFC-E69390EC9A92}
		{DBA960E1-2FED-43D7-ABA3-1B064FB339E7} = {88A2DF4D-739F-4D74-805F-5C8DEBC49779}
		{B2350607-D6D8-4500-9629-366701A5B917} = {88A2DF4D-739F-4D74-805F-5C8DEBC49779}
		{43A63491-9627-4ED8-9173-B26E5DFFDA03} = {34BBB0C1-5225-471E-AB86-965B50D8FD81}
		{3414394F-7AD4-4C11-9088-A7424E48F609} = {020D8670-1412-48DB-8EFC-E69390EC9A92}
		{51A15628-096E-4754-B898-9EA625708788} = {020D8670-1412-48DB-8EFC-E69390EC9A92}
		{4A622E23-93AA-4A52-821A-30FD9914161E} = {DDF19D10-5634-11EC-ABC6-AB24A3AAC427}
	EndGlobalSection
EndGlobal
